
Microsoft Visual Studio Solution File, Format Version 12.00
# Visual Studio Version 17
VisualStudioVersion = 17.13.35828.75
MinimumVisualStudioVersion = 10.0.40219.1
Project("{FAE04EC0-301F-11D3-BF4B-00C04F79EFBC}") = "DDD.WinForm", "DDD\DDD.WinForm.csproj", "{AC9BBF75-487B-4CA2-8786-E319DD30DEB9}"
EndProject
Project("{FAE04EC0-301F-11D3-BF4B-00C04F79EFBC}") = "DDDTest.Tests", "DDDTest.Tests\DDDTest.Tests.csproj", "{BEE14EFE-B68A-4BBD-8168-0E30699B9595}"
EndProject
Project("{FAE04EC0-301F-11D3-BF4B-00C04F79EFBC}") = "DDD.Infrastructure", "DDD.Infrastructure\DDD.Infrastructure.csproj", "{379442C9-4CBB-4E23-B33F-7B40D13DEC8B}"
EndProject
Project("{FAE04EC0-301F-11D3-BF4B-00C04F79EFBC}") = "DDD.Domain", "DDD.Domain\DDD.Domain.csproj", "{F9DBF91A-21C8-4892-84D4-3F1E8F1E8ABF}"
EndProject
Global
	GlobalSection(SolutionConfigurationPlatforms) = preSolution
		Debug|Any CPU = Debug|Any CPU
		Release|Any CPU = Release|Any CPU
	EndGlobalSection
	GlobalSection(ProjectConfigurationPlatforms) = postSolution
		{AC9BBF75-487B-4CA2-8786-E319DD30DEB9}.Debug|Any CPU.ActiveCfg = Debug|Any CPU
		{AC9BBF75-487B-4CA2-8786-E319DD30DEB9}.Debug|Any CPU.Build.0 = Debug|Any CPU
		{AC9BBF75-487B-4CA2-8786-E319DD30DEB9}.Release|Any CPU.ActiveCfg = Release|Any CPU
		{AC9BBF75-487B-4CA2-8786-E319DD30DEB9}.Release|Any CPU.Build.0 = Release|Any CPU
		{BEE14EFE-B68A-4BBD-8168-0E30699B9595}.Debug|Any CPU.ActiveCfg = Debug|Any CPU
		{BEE14EFE-B68A-4BBD-8168-0E30699B9595}.Debug|Any CPU.Build.0 = Debug|Any CPU
		{BEE14EFE-B68A-4BBD-8168-0E30699B9595}.Release|Any CPU.ActiveCfg = Release|Any CPU
		{BEE14EFE-B68A-4BBD-8168-0E30699B9595}.Release|Any CPU.Build.0 = Release|Any CPU
		{379442C9-4CBB-4E23-B33F-7B40D13DEC8B}.Debug|Any CPU.ActiveCfg = Debug|Any CPU
		{379442C9-4CBB-4E23-B33F-7B40D13DEC8B}.Debug|Any CPU.Build.0 = Debug|Any CPU
		{379442C9-4CBB-4E23-B33F-7B40D13DEC8B}.Release|Any CPU.ActiveCfg = Release|Any CPU
		{379442C9-4CBB-4E23-B33F-7B40D13DEC8B}.Release|Any CPU.Build.0 = Release|Any CPU
		{F9DBF91A-21C8-4892-84D4-3F1E8F1E8ABF}.Debug|Any CPU.ActiveCfg = Debug|Any CPU
		{F9DBF91A-21C8-4892-84D4-3F1E8F1E8ABF}.Debug|Any CPU.Build.0 = Debug|Any CPU
		{F9DBF91A-21C8-4892-84D4-3F1E8F1E8ABF}.Release|Any CPU.ActiveCfg = Release|Any CPU
		{F9DBF91A-21C8-4892-84D4-3F1E8F1E8ABF}.Release|Any CPU.Build.0 = Release|Any CPU
	EndGlobalSection
	GlobalSection(SolutionProperties) = preSolution
		HideSolutionNode = FALSE
	EndGlobalSection
	GlobalSection(ExtensibilityGlobals) = postSolution
		SolutionGuid = {E0AE928E-D7A9-46F5-8264-115F4B1696F1}
	EndGlobalSection
EndGlobal
